<?xml version="1.0" encoding="utf-8"?>
<Project ToolsVersion="4.0" xmlns="http://schemas.microsoft.com/developer/msbuild/2003">
  <ItemGroup>
    <Filter Include="Source Files">
      <UniqueIdentifier>{4FC737F1-C7A5-4376-A066-2A32D752A2FF}</UniqueIdentifier>
      <Extensions>cpp;cxx;c;def</Extensions>
    </Filter>
    <Filter Include="Header Files">
      <UniqueIdentifier>{93995380-89BD-4b04-88EB-625FBE52EBFB}</UniqueIdentifier>
      <Extensions>h</Extensions>
    </Filter>
    <Filter Include="Form Files">
      <UniqueIdentifier>{99349809-55BA-4b9d-BF79-8FDBB0286EB3}</UniqueIdentifier>
      <Extensions>ui</Extensions>
    </Filter>
    <Filter Include="Resource Files">
      <UniqueIdentifier>{D9D6E242-F8AF-46E4-B9FD-80ECBC20BA3E}</UniqueIdentifier>
      <Extensions>qrc;*</Extensions>
      <ParseFiles>false</ParseFiles>
    </Filter>
    <Filter Include="Generated Files">
      <UniqueIdentifier>{71ED8ED8-ACB9-4CE9-BBE1-E00B30144E11}</UniqueIdentifier>
      <Extensions>moc;h;cpp</Extensions>
      <SourceControlFiles>False</SourceControlFiles>
    </Filter>
    <Filter Include="Generated Files\Debug">
      <UniqueIdentifier>{98054bab-8d5e-418b-90cf-e5752d7e519b}</UniqueIdentifier>
      <Extensions>cpp;moc</Extensions>
      <SourceControlFiles>False</SourceControlFiles>
    </Filter>
    <Filter Include="Generated Files\Release">
      <UniqueIdentifier>{8b8f88be-0031-43c9-8da9-f14c8e966715}</UniqueIdentifier>
      <Extensions>cpp;moc</Extensions>
      <SourceControlFiles>False</SourceControlFiles>
    </Filter>
    <Filter Include="Source Files\QtUI">
      <UniqueIdentifier>{aa0c2592-8c4e-412f-97cf-562df75d89bc}</UniqueIdentifier>
    </Filter>
    <Filter Include="Source Files\Editor">
      <UniqueIdentifier>{d306dd16-66cd-4cc6-b540-d5d7ab5c307a}</UniqueIdentifier>
    </Filter>
    <Filter Include="Source Files\QtCocos2d">
      <UniqueIdentifier>{b38296ae-6ff1-4942-80ca-7f2547d04005}</UniqueIdentifier>
    </Filter>
    <Filter Include="xml">
      <UniqueIdentifier>{a10630c2-cc35-4973-8997-06a1a09e5e00}</UniqueIdentifier>
    </Filter>
    <Filter Include="Source Files\libqc">
      <UniqueIdentifier>{c679ab63-d3bc-4fc0-acec-04ccf75ab18c}</UniqueIdentifier>
    </Filter>
  </ItemGroup>
  <ItemGroup>
    <ClCompile Include="main.cpp">
      <Filter>Source Files</Filter>
    </ClCompile>
    <ClCompile Include="GeneratedFiles\Debug\moc_EditorMain.cpp">
      <Filter>Generated Files\Debug</Filter>
    </ClCompile>
    <ClCompile Include="GeneratedFiles\Release\moc_EditorMain.cpp">
      <Filter>Generated Files\Release</Filter>
    </ClCompile>
    <ClCompile Include="GeneratedFiles\qrc_EditorMain.cpp">
      <Filter>Generated Files</Filter>
    </ClCompile>
    <ClCompile Include="GeneratedFiles\Debug\moc_BoxList.cpp">
      <Filter>Generated Files\Debug</Filter>
    </ClCompile>
    <ClCompile Include="GeneratedFiles\Release\moc_BoxList.cpp">
      <Filter>Generated Files\Release</Filter>
    </ClCompile>
    <ClCompile Include="EditorMain.cpp">
      <Filter>Source Files\QtUI</Filter>
    </ClCompile>
    <ClCompile Include="BoxList.cpp">
      <Filter>Source Files\QtUI</Filter>
    </ClCompile>
    <ClCompile Include="Editor\WindowBox.cpp">
      <Filter>Source Files\Editor</Filter>
    </ClCompile>
    <ClCompile Include="Editor\PropertyDef.cpp">
      <Filter>Source Files\Editor</Filter>
    </ClCompile>
    <ClCompile Include="GeneratedFiles\Debug\moc_WindowBox.cpp">
      <Filter>Generated Files\Debug</Filter>
    </ClCompile>
    <ClCompile Include="GeneratedFiles\Release\moc_WindowBox.cpp">
      <Filter>Generated Files\Release</Filter>
    </ClCompile>
    <ClCompile Include="Editor\QC_Application.cpp">
      <Filter>Source Files\QtCocos2d</Filter>
    </ClCompile>
    <ClCompile Include="GeneratedFiles\Debug\moc_QC_Application.cpp">
      <Filter>Generated Files\Debug</Filter>
    </ClCompile>
    <ClCompile Include="GeneratedFiles\Release\moc_QC_Application.cpp">
      <Filter>Generated Files\Release</Filter>
    </ClCompile>
    <ClCompile Include="Editor\QC_GLView.cpp">
      <Filter>Source Files\QtCocos2d</Filter>
    </ClCompile>
    <ClCompile Include="Editor\QC_GLWidget.cpp">
      <Filter>Source Files\QtCocos2d</Filter>
    </ClCompile>
    <ClCompile Include="GeneratedFiles\Debug\moc_QC_GLWidget.cpp">
      <Filter>Generated Files\Debug</Filter>
    </ClCompile>
    <ClCompile Include="GeneratedFiles\Release\moc_QC_GLWidget.cpp">
      <Filter>Generated Files\Release</Filter>
    </ClCompile>
    <ClCompile Include="Editor\SceneCtrl.cpp">
      <Filter>Source Files\Editor</Filter>
    </ClCompile>
    <ClCompile Include="GeneratedFiles\Debug\moc_SceneCtrl.cpp">
      <Filter>Generated Files\Debug</Filter>
    </ClCompile>
    <ClCompile Include="GeneratedFiles\Release\moc_SceneCtrl.cpp">
      <Filter>Generated Files\Release</Filter>
    </ClCompile>
    <ClCompile Include="Editor\Common.cpp">
      <Filter>Source Files\Editor</Filter>
    </ClCompile>
    <ClCompile Include="Editor\EditorNode.cpp">
      <Filter>Source Files\Editor</Filter>
    </ClCompile>
    <ClCompile Include="Editor\libqc\Any.cpp">
      <Filter>Source Files\libqc</Filter>
    </ClCompile>
    <ClCompile Include="Editor\libqc\AttributeAccessor.cpp">
      <Filter>Source Files\libqc</Filter>
    </ClCompile>
    <ClCompile Include="Editor\libqc\DefaultValue.cpp">
      <Filter>Source Files\libqc</Filter>
    </ClCompile>
    <ClCompile Include="Editor\libqc\Serializer.cpp">
      <Filter>Source Files\libqc</Filter>
    </ClCompile>
  </ItemGroup>
  <ItemGroup>
    <CustomBuild Include="EditorMain.h">
      <Filter>Header Files</Filter>
    </CustomBuild>
    <CustomBuild Include="EditorMain.ui">
      <Filter>Form Files</Filter>
    </CustomBuild>
    <CustomBuild Include="EditorMain.qrc">
      <Filter>Resource Files</Filter>
    </CustomBuild>
    <CustomBuild Include="BoxList.h">
      <Filter>Header Files</Filter>
    </CustomBuild>
    <CustomBuild Include="BoxList.ui">
      <Filter>Form Files</Filter>
    </CustomBuild>
    <CustomBuild Include="Editor\WindowBox.h">
      <Filter>Source Files\Editor</Filter>
    </CustomBuild>
    <CustomBuild Include="Editor\QC_Application.h">
      <Filter>Source Files\QtCocos2d</Filter>
    </CustomBuild>
    <CustomBuild Include="Editor\QC_GLWidget.h">
      <Filter>Source Files\QtCocos2d</Filter>
    </CustomBuild>
    <CustomBuild Include="Editor\SceneCtrl.h">
      <Filter>Source Files\Editor</Filter>
    </CustomBuild>
  </ItemGroup>
  <ItemGroup>
    <ClInclude Include="GeneratedFiles\ui_EditorMain.h">
      <Filter>Generated Files</Filter>
    </ClInclude>
    <ClInclude Include="GeneratedFiles\ui_BoxList.h">
      <Filter>Generated Files</Filter>
    </ClInclude>
    <ClInclude Include="Editor\PropertyDef.h">
      <Filter>Source Files\Editor</Filter>
    </ClInclude>
    <ClInclude Include="Editor\QC_GLView.h">
      <Filter>Source Files\QtCocos2d</Filter>
    </ClInclude>
    <ClInclude Include="Editor\Common.h">
      <Filter>Source Files\Editor</Filter>
    </ClInclude>
    <ClInclude Include="Editor\EditorNode.h">
      <Filter>Source Files\Editor</Filter>
    </ClInclude>
    <ClInclude Include="rapidxml-1.13\rapidxml_utils.hpp">
      <Filter>xml</Filter>
    </ClInclude>
    <ClInclude Include="rapidxml-1.13\rapidxml.hpp">
      <Filter>xml</Filter>
    </ClInclude>
    <ClInclude Include="rapidxml-1.13\rapidxml_iterators.hpp">
      <Filter>xml</Filter>
    </ClInclude>
    <ClInclude Include="rapidxml-1.13\rapidxml_print.hpp">
      <Filter>xml</Filter>
    </ClInclude>
    <ClInclude Include="Editor\libqc\Any.h">
      <Filter>Source Files\libqc</Filter>
    </ClInclude>
    <ClInclude Include="Editor\libqc\AttributeAccessor.h">
      <Filter>Source Files\libqc</Filter>
    </ClInclude>
    <ClInclude Include="Editor\libqc\DefaultValue.h">
      <Filter>Source Files\libqc</Filter>
    </ClInclude>
    <ClInclude Include="Editor\libqc\Serializer.h">
      <Filter>Source Files\libqc</Filter>
    </ClInclude>
    <ClInclude Include="Editor\libqc\StringUtil.h">
      <Filter>Source Files\libqc</Filter>
    </ClInclude>
    <ClInclude Include="Editor\libqc\Varinat.h">
      <Filter>Source Files\libqc</Filter>
    </ClInclude>
  </ItemGroup>
  <ItemGroup>
    <Image Include="qtpropertybrowser\images\cursor-arrow.png">
      <Filter>Resource Files</Filter>
    </Image>
    <Image Include="qtpropertybrowser\images\cursor-busy.png">
      <Filter>Resource Files</Filter>
    </Image>
    <Image Include="qtpropertybrowser\images\cursor-closedhand.png">
      <Filter>Resource Files</Filter>
    </Image>
    <Image Include="qtpropertybrowser\images\cursor-cross.png">
      <Filter>Resource Files</Filter>
    </Image>
    <Image Include="qtpropertybrowser\images\cursor-forbidden.png">
      <Filter>Resource Files</Filter>
    </Image>
    <Image Include="qtpropertybrowser\images\cursor-hand.png">
      <Filter>Resource Files</Filter>
    </Image>
    <Image Include="qtpropertybrowser\images\cursor-hsplit.png">
      <Filter>Resource Files</Filter>
    </Image>
    <Image Include="qtpropertybrowser\images\cursor-ibeam.png">
      <Filter>Resource Files</Filter>
    </Image>
    <Image Include="qtpropertybrowser\images\cursor-openhand.png">
      <Filter>Resource Files</Filter>
    </Image>
    <Image Include="qtpropertybrowser\images\cursor-sizeall.png">
      <Filter>Resource Files</Filter>
    </Image>
    <Image Include="qtpropertybrowser\images\cursor-sizeb.png">
      <Filter>Resource Files</Filter>
    </Image>
    <Image Include="qtpropertybrowser\images\cursor-sizef.png">
      <Filter>Resource Files</Filter>
    </Image>
    <Image Include="qtpropertybrowser\images\cursor-sizeh.png">
      <Filter>Resource Files</Filter>
    </Image>
    <Image Include="qtpropertybrowser\images\cursor-sizev.png">
      <Filter>Resource Files</Filter>
    </Image>
    <Image Include="qtpropertybrowser\images\cursor-uparrow.png">
      <Filter>Resource Files</Filter>
    </Image>
    <Image Include="qtpropertybrowser\images\cursor-vsplit.png">
      <Filter>Resource Files</Filter>
    </Image>
    <Image Include="qtpropertybrowser\images\cursor-wait.png">
      <Filter>Resource Files</Filter>
    </Image>
    <Image Include="qtpropertybrowser\images\cursor-whatsthis.png">
      <Filter>Resource Files</Filter>
    </Image>
  </ItemGroup>
</Project>